{
	"last_updated": "0001-01-01T00:00:00Z",
	"commit_hash": "cb2a44e9833c139639de34c730b4ed8000a57516",
	"license": {
		"spdx": "MIT",
		"permalink": "https://api.github.com/repos/yassinebenaid/godump/contents/LICENCE?ref=cb2a44e9833c139639de34c730b4ed8000a57516",
		"name": "MIT License"
	},
	"branch": "master",
	"coppied_files": {
		"dumper.go": {
			"file": "dumper.go",
			"source": "github.com/yassinebenaid/godump@cb2a44e9833c139639de34c730b4ed8000a57516",
			"permalink": "https://raw.githubusercontent.com/yassinebenaid/godump/cb2a44e9833c139639de34c730b4ed8000a57516/dumper.go",
			"last_updated": "2025-02-03T13:39:48.046125Z",
			"remote_hash": "m87ibxmfFi6ksDYpMpNZwGYFtCNUNjAMpKTj_3zzUkY="
		},
		"dumper_test.go": {
			"file": "dumper_test.go",
			"source": "github.com/yassinebenaid/godump@cb2a44e9833c139639de34c730b4ed8000a57516",
			"permalink": "https://raw.githubusercontent.com/yassinebenaid/godump/cb2a44e9833c139639de34c730b4ed8000a57516/dumper_test.go",
			"last_updated": "2025-02-03T13:40:46.655214Z",
			"changes": [
				"Line 15: Replaced 'github.com/yassinebenaid/godump' with 'github.com/walteh/schema2go/pkg/godump'"
			],
			"remote_hash": "dVPnl1VaWdyoZHWnMZb3lgSBB4RnTPmnIYBry9NuYNM="
		}
	},
	"generated_files": {},
	"args": {
		"src_repo": "github.com/yassinebenaid/godump",
		"src_ref": "master",
		"src_path": ".",
		"copy_args": {
			"replacements": [
				{
					"old": "github.com/yassinebenaid/godump",
					"new": "github.com/walteh/schema2go/pkg/godump"
				}
			],
			"file_patterns": [
				"**/*.go"
			]
		}
	}
}