{
	"last_updated": "0001-01-01T00:00:00Z",
	"commit_hash": "442a4c100c62a7d8543d1a7ab7052397057add86",
	"license": {
		"spdx": "MIT",
		"permalink": "https://api.github.com/repos/omissis/go-jsonschema/contents/LICENSE?ref=442a4c100c62a7d8543d1a7ab7052397057add86",
		"name": "MIT License"
	},
	"branch": "main",
	"coppied_files": {
		"codegen/emitter.go": {
			"file": "codegen/emitter.go",
			"source": "github.com/omissis/go-jsonschema@442a4c100c62a7d8543d1a7ab7052397057add86",
			"permalink": "https://raw.githubusercontent.com/omissis/go-jsonschema/442a4c100c62a7d8543d1a7ab7052397057add86/pkg/codegen/emitter.go",
			"last_updated": "2025-02-02T21:10:44.766606Z",
			"remote_hash": "1Pu6goLAjt3Qo1lY2Mi7HpE5bx9WtTj5TRGqctf3lUU="
		},
		"codegen/model.go": {
			"file": "codegen/model.go",
			"source": "github.com/omissis/go-jsonschema@442a4c100c62a7d8543d1a7ab7052397057add86",
			"permalink": "https://raw.githubusercontent.com/omissis/go-jsonschema/442a4c100c62a7d8543d1a7ab7052397057add86/pkg/codegen/model.go",
			"last_updated": "2025-02-02T21:12:35.122701Z",
			"changes": [
				"Line 34: Replaced 'Code generated by github.com/atombender/go-jsonschema' with 'Code generated by github.com/walteh/schema2go'"
			],
			"remote_hash": "eTccZAHUTH5IThSB_KKqMZ46bEF0W3lDgH1wv9if9VA="
		},
		"codegen/utils.go": {
			"file": "codegen/utils.go",
			"source": "github.com/omissis/go-jsonschema@442a4c100c62a7d8543d1a7ab7052397057add86",
			"permalink": "https://raw.githubusercontent.com/omissis/go-jsonschema/442a4c100c62a7d8543d1a7ab7052397057add86/pkg/codegen/utils.go",
			"last_updated": "2025-02-02T21:10:45.922038Z",
			"remote_hash": "XMT8Mt0ayRvES3KaP04U-q1FCYjIgPcKj7NLinmCfMo="
		},
		"generator/config.go": {
			"file": "generator/config.go",
			"source": "github.com/omissis/go-jsonschema@442a4c100c62a7d8543d1a7ab7052397057add86",
			"permalink": "https://raw.githubusercontent.com/omissis/go-jsonschema/442a4c100c62a7d8543d1a7ab7052397057add86/pkg/generator/config.go",
			"last_updated": "2025-02-02T21:10:46.017057Z",
			"remote_hash": "tF1YvCT6ysObUhgqfw71nyA_ThP_iNc7pBQl9Lez6JM="
		},
		"generator/formatter.go": {
			"file": "generator/formatter.go",
			"source": "github.com/omissis/go-jsonschema@442a4c100c62a7d8543d1a7ab7052397057add86",
			"permalink": "https://raw.githubusercontent.com/omissis/go-jsonschema/442a4c100c62a7d8543d1a7ab7052397057add86/pkg/generator/formatter.go",
			"last_updated": "2025-02-02T21:10:46.111346Z",
			"changes": [
				"Line 9: Replaced '\"github.com/atombender/go-jsonschema/pkg/codegen\"' with '\"github.com/walteh/schema2go/pkg/reformat/codegen\"'"
			],
			"remote_hash": "2627rjmI52EL3SgSQidysrigLWx3WsLDI8548RPLNhc="
		},
		"generator/generate.go": {
			"file": "generator/generate.go",
			"source": "github.com/omissis/go-jsonschema@442a4c100c62a7d8543d1a7ab7052397057add86",
			"permalink": "https://raw.githubusercontent.com/omissis/go-jsonschema/442a4c100c62a7d8543d1a7ab7052397057add86/pkg/generator/generate.go",
			"last_updated": "2025-02-02T21:10:46.212126Z",
			"changes": [
				"Line 15: Replaced '\"github.com/atombender/go-jsonschema/internal/x/text\"' with '\"github.com/walteh/schema2go/pkg/reformat/internal/x/text\"'",
				"Line 16: Replaced '\"github.com/atombender/go-jsonschema/pkg/codegen\"' with '\"github.com/walteh/schema2go/pkg/reformat/codegen\"'"
			],
			"remote_hash": "-ce8ZurGi9Z2JqoxaK9bOzYvLLVZdvtX6rQmbLNCdo4="
		},
		"generator/json_formatter.go": {
			"file": "generator/json_formatter.go",
			"source": "github.com/omissis/go-jsonschema@442a4c100c62a7d8543d1a7ab7052397057add86",
			"permalink": "https://raw.githubusercontent.com/omissis/go-jsonschema/442a4c100c62a7d8543d1a7ab7052397057add86/pkg/generator/json_formatter.go",
			"last_updated": "2025-02-02T21:10:46.324447Z",
			"changes": [
				"Line 11: Replaced '\"github.com/atombender/go-jsonschema/pkg/codegen\"' with '\"github.com/walteh/schema2go/pkg/reformat/codegen\"'"
			],
			"remote_hash": "19ZTx9UadD9iPheiBxRAK3cXjCIYQ7-hWdoMZUfd3AQ="
		},
		"generator/name_scope.go": {
			"file": "generator/name_scope.go",
			"source": "github.com/omissis/go-jsonschema@442a4c100c62a7d8543d1a7ab7052397057add86",
			"permalink": "https://raw.githubusercontent.com/omissis/go-jsonschema/442a4c100c62a7d8543d1a7ab7052397057add86/pkg/generator/name_scope.go",
			"last_updated": "2025-02-02T21:10:46.427625Z",
			"remote_hash": "nEU-UQRJie7H2NkU2WEZ-2wvRdqtx7wLEloz7xxLrso="
		},
		"generator/output.go": {
			"file": "generator/output.go",
			"source": "github.com/omissis/go-jsonschema@442a4c100c62a7d8543d1a7ab7052397057add86",
			"permalink": "https://raw.githubusercontent.com/omissis/go-jsonschema/442a4c100c62a7d8543d1a7ab7052397057add86/pkg/generator/output.go",
			"last_updated": "2025-02-02T21:10:46.539468Z",
			"changes": [
				"Line 11: Replaced '\"github.com/atombender/go-jsonschema/pkg/codegen\"' with '\"github.com/walteh/schema2go/pkg/reformat/codegen\"'"
			],
			"remote_hash": "aoxcP-nGLZSq0hOQ70GhfnIQmFEIURMH6SuKvUfv6hM="
		},
		"generator/schema_generator.go": {
			"file": "generator/schema_generator.go",
			"source": "github.com/omissis/go-jsonschema@442a4c100c62a7d8543d1a7ab7052397057add86",
			"permalink": "https://raw.githubusercontent.com/omissis/go-jsonschema/442a4c100c62a7d8543d1a7ab7052397057add86/pkg/generator/schema_generator.go",
			"last_updated": "2025-02-02T21:10:46.652487Z",
			"changes": [
				"Line 13: Replaced '\"github.com/atombender/go-jsonschema/pkg/codegen\"' with '\"github.com/walteh/schema2go/pkg/reformat/codegen\"'"
			],
			"remote_hash": "xA_LopvKbss76_MmrsIsftV_qiPnf54xzEHl7fs6Y_A="
		},
		"generator/utils.go": {
			"file": "generator/utils.go",
			"source": "github.com/omissis/go-jsonschema@442a4c100c62a7d8543d1a7ab7052397057add86",
			"permalink": "https://raw.githubusercontent.com/omissis/go-jsonschema/442a4c100c62a7d8543d1a7ab7052397057add86/pkg/generator/utils.go",
			"last_updated": "2025-02-02T21:10:46.756351Z",
			"changes": [
				"Line 11: Replaced '\"github.com/atombender/go-jsonschema/pkg/codegen\"' with '\"github.com/walteh/schema2go/pkg/reformat/codegen\"'"
			],
			"remote_hash": "XiShLfYAIeDZKwzehYicsigEmGw5kFMvkDmt7L3gaMI="
		},
		"generator/validator.go": {
			"file": "generator/validator.go",
			"source": "github.com/omissis/go-jsonschema@442a4c100c62a7d8543d1a7ab7052397057add86",
			"permalink": "https://raw.githubusercontent.com/omissis/go-jsonschema/442a4c100c62a7d8543d1a7ab7052397057add86/pkg/generator/validator.go",
			"last_updated": "2025-02-02T21:10:46.860268Z",
			"changes": [
				"Line 16: Replaced '\"github.com/atombender/go-jsonschema/pkg/codegen\"' with '\"github.com/walteh/schema2go/pkg/reformat/codegen\"'"
			],
			"remote_hash": "bET8X2VDq3cat0uB5hWfN1RGPiIf1q03O62x13Ts8U0="
		},
		"generator/yaml_formatter.go": {
			"file": "generator/yaml_formatter.go",
			"source": "github.com/omissis/go-jsonschema@442a4c100c62a7d8543d1a7ab7052397057add86",
			"permalink": "https://raw.githubusercontent.com/omissis/go-jsonschema/442a4c100c62a7d8543d1a7ab7052397057add86/pkg/generator/yaml_formatter.go",
			"last_updated": "2025-02-02T21:10:46.969421Z",
			"changes": [
				"Line 11: Replaced '\"github.com/atombender/go-jsonschema/pkg/codegen\"' with '\"github.com/walteh/schema2go/pkg/reformat/codegen\"'"
			],
			"remote_hash": "NIQWtnAtyQtPevIrLv31lcx6T5dVVKA0byq6wI8hiC4="
		}
	},
	"generated_files": {},
	"args": {
		"src_repo": "github.com/omissis/go-jsonschema",
		"src_ref": "main",
		"src_path": "pkg",
		"copy_args": {
			"replacements": [
				{
					"old": "\"github.com/atombender/go-jsonschema/internal/x/text\"",
					"new": "\"github.com/walteh/schema2go/pkg/reformat/internal/x/text\""
				},
				{
					"old": "\"github.com/atombender/go-jsonschema/pkg/codegen\"",
					"new": "\"github.com/walteh/schema2go/pkg/reformat/codegen\""
				},
				{
					"old": "Code generated by github.com/atombender/go-jsonschema",
					"new": "Code generated by github.com/walteh/schema2go"
				}
			],
			"file_patterns": [
				"pkg/generator/**/*.go",
				"pkg/codegen/**/*.go"
			],
			"recursive": true
		}
	}
}