{
	"last_updated": "0001-01-01T00:00:00Z",
	"commit_hash": "442a4c100c62a7d8543d1a7ab7052397057add86",
	"license": {
		"spdx": "MIT",
		"permalink": "https://api.github.com/repos/omissis/go-jsonschema/contents/LICENSE?ref=442a4c100c62a7d8543d1a7ab7052397057add86",
		"name": "MIT License"
	},
	"branch": "main",
	"coppied_files": {
		"generation_test.go": {
			"file": "generation_test.go",
			"source": "github.com/omissis/go-jsonschema@442a4c100c62a7d8543d1a7ab7052397057add86",
			"permalink": "https://raw.githubusercontent.com/omissis/go-jsonschema/442a4c100c62a7d8543d1a7ab7052397057add86/tests/generation_test.go",
			"last_updated": "2025-02-02T20:30:11.674152Z",
			"changes": [
				"Line 43: Replaced './data' with '../testdata'",
				"Line 49: Replaced './data' with '../testdata'",
				"Line 55: Replaced './data' with '../testdata'",
				"Line 74: Replaced './data' with '../testdata'",
				"Line 92: Replaced './data' with '../testdata'",
				"Line 99: Replaced './data' with '../testdata'",
				"Line 107: Replaced './data' with '../testdata'",
				"Line 116: Replaced './data' with '../testdata'",
				"Line 123: Replaced './data' with '../testdata'",
				"Line 131: Replaced './data' with '../testdata'",
				"Line 139: Replaced './data' with '../testdata'",
				"Line 146: Replaced './data' with '../testdata'",
				"Line 154: Replaced './data' with '../testdata'",
				"Line 162: Replaced './data' with '../testdata'",
				"Line 170: Replaced './data' with '../testdata'",
				"Line 179: Replaced './data' with '../testdata'",
				"Line 209: Replaced './data' with '../testdata'",
				"Line 215: Replaced './data' with '../testdata'",
				"Line 324: Replaced './data' with '../testdata'",
				"Line 20: Replaced 'github.com/atombender/go-jsonschema/pkg/generator' with 'github.com/walteh/schema2go/pkg/reformat/generator'"
			],
			"remote_hash": "9etQM4lYMGJlmMJ5NaaI0O43PFHbGEmwcsq_2Ts7kT4="
		}
	},
	"generated_files": {},
	"args": {
		"src_repo": "github.com/omissis/go-jsonschema",
		"src_ref": "main",
		"src_path": "tests",
		"copy_args": {
			"replacements": [
				{
					"old": "./data",
					"new": "../testdata"
				},
				{
					"old": "github.com/atombender/go-jsonschema/pkg/generator",
					"new": "github.com/walteh/schema2go/pkg/reformat/generator"
				}
			],
			"file_patterns": [
				"**/generation_test.go"
			]
		}
	}
}