{
	"last_updated": "0001-01-01T00:00:00Z",
	"commit_hash": "442a4c100c62a7d8543d1a7ab7052397057add86",
	"branch": "main",
	"coppied_files": {
		"cases.copy.go": {
			"file": "cases.copy.go",
			"source": "github.com/omissis/go-jsonschema@442a4c100c62a7d8543d1a7ab7052397057add86",
			"permalink": "https://raw.githubusercontent.com/omissis/go-jsonschema/442a4c100c62a7d8543d1a7ab7052397057add86/internal/x/text/cases.go",
			"last_updated": "2025-02-02T13:12:28.459628Z"
		}
	},
	"generated_files": {},
	"args": {
		"src_repo": "github.com/omissis/go-jsonschema",
		"src_ref": "main",
		"src_path": "internal/x/text",
		"copy_args": {
			"replacements": [],
			"ignore_files": null,
			"file_patterns": null
		}
	}
}