{
	"last_updated": "0001-01-01T00:00:00Z",
	"commit_hash": "c877b85e7fc1e8c59fad34c8f986e786ea76dc01",
	"license": {
		"spdx": "Apache-2.0",
		"permalink": "https://api.github.com/repos/fsamin/go-dump/contents/LICENSE.md?ref=c877b85e7fc1e8c59fad34c8f986e786ea76dc01",
		"name": "Apache License 2.0"
	},
	"branch": "master",
	"coppied_files": {
		"dump.go": {
			"file": "dump.go",
			"source": "github.com/fsamin/go-dump@c877b85e7fc1e8c59fad34c8f986e786ea76dc01",
			"permalink": "https://raw.githubusercontent.com/fsamin/go-dump/c877b85e7fc1e8c59fad34c8f986e786ea76dc01/dump.go",
			"last_updated": "2025-02-03T13:15:56.118918Z",
			"remote_hash": "i10UwopiJ4Qqpb8eSqM0Mj611qLHFal2C0cw9yOZdo8="
		},
		"dump_test.go": {
			"file": "dump_test.go",
			"source": "github.com/fsamin/go-dump@c877b85e7fc1e8c59fad34c8f986e786ea76dc01",
			"permalink": "https://raw.githubusercontent.com/fsamin/go-dump/c877b85e7fc1e8c59fad34c8f986e786ea76dc01/dump_test.go",
			"last_updated": "2025-02-03T13:15:56.288983Z",
			"remote_hash": "avO_CttyLM4pcp9xcB63_Ju5KAmnnpttehVEbic0p9U="
		},
		"encoder.go": {
			"file": "encoder.go",
			"source": "github.com/fsamin/go-dump@c877b85e7fc1e8c59fad34c8f986e786ea76dc01",
			"permalink": "https://raw.githubusercontent.com/fsamin/go-dump/c877b85e7fc1e8c59fad34c8f986e786ea76dc01/encoder.go",
			"last_updated": "2025-02-03T13:15:56.424079Z",
			"remote_hash": "CDVsBUu-sxLqu2vm1owCcOaJsDns0M-EbcOv0ItqQ44="
		},
		"helper.go": {
			"file": "helper.go",
			"source": "github.com/fsamin/go-dump@c877b85e7fc1e8c59fad34c8f986e786ea76dc01",
			"permalink": "https://raw.githubusercontent.com/fsamin/go-dump/c877b85e7fc1e8c59fad34c8f986e786ea76dc01/helper.go",
			"last_updated": "2025-02-03T13:15:56.54631Z",
			"remote_hash": "BvfGoOuu4GkjxIRT2CqalshIjzkmnluOKWXlMn1BmEo="
		}
	},
	"generated_files": {},
	"args": {
		"src_repo": "github.com/fsamin/go-dump",
		"src_ref": "master",
		"src_path": ".",
		"copy_args": {
			"file_patterns": [
				"**/*.go"
			]
		}
	}
}