{
	"last_updated": "0001-01-01T00:00:00Z",
	"commit_hash": "442a4c100c62a7d8543d1a7ab7052397057add86",
	"license": {
		"spdx": "MIT",
		"permalink": "https://api.github.com/repos/omissis/go-jsonschema/contents/LICENSE?ref=442a4c100c62a7d8543d1a7ab7052397057add86",
		"name": "MIT License"
	},
	"branch": "main",
	"coppied_files": {
		"config.go": {
			"file": "config.go",
			"source": "github.com/omissis/go-jsonschema@442a4c100c62a7d8543d1a7ab7052397057add86",
			"permalink": "https://raw.githubusercontent.com/omissis/go-jsonschema/442a4c100c62a7d8543d1a7ab7052397057add86/pkg/generator/config.go",
			"last_updated": "2025-02-02T19:37:12.703218Z",
			"remote_hash": "tF1YvCT6ysObUhgqfw71nyA_ThP_iNc7pBQl9Lez6JM="
		},
		"formatter.go": {
			"file": "formatter.go",
			"source": "github.com/omissis/go-jsonschema@442a4c100c62a7d8543d1a7ab7052397057add86",
			"permalink": "https://raw.githubusercontent.com/omissis/go-jsonschema/442a4c100c62a7d8543d1a7ab7052397057add86/pkg/generator/formatter.go",
			"last_updated": "2025-02-02T19:37:12.801263Z",
			"remote_hash": "5NV3-9clGNTNEvIC8Amn_n7bk2GIpkIQ6EvqZT5FKNY="
		},
		"generate.go": {
			"file": "generate.go",
			"source": "github.com/omissis/go-jsonschema@442a4c100c62a7d8543d1a7ab7052397057add86",
			"permalink": "https://raw.githubusercontent.com/omissis/go-jsonschema/442a4c100c62a7d8543d1a7ab7052397057add86/pkg/generator/generate.go",
			"last_updated": "2025-02-02T19:37:12.902765Z",
			"changes": [
				"Line 15: Replaced '\"github.com/atombender/go-jsonschema/internal/x/text\"' with '\"github.com/walteh/schema2go/pkg/reformat/internal/x/text\"'"
			],
			"remote_hash": "oq8H94Zq2uitmwy3tlDP6-g6-4MttFRPhefTmlVlzGw="
		},
		"json_formatter.go": {
			"file": "json_formatter.go",
			"source": "github.com/omissis/go-jsonschema@442a4c100c62a7d8543d1a7ab7052397057add86",
			"permalink": "https://raw.githubusercontent.com/omissis/go-jsonschema/442a4c100c62a7d8543d1a7ab7052397057add86/pkg/generator/json_formatter.go",
			"last_updated": "2025-02-02T19:37:13.356488Z",
			"remote_hash": "7wnW4JGhM7sPtKNsHljcZkbEsEgMlXadlJ3v29ZV3Us="
		},
		"name_scope.go": {
			"file": "name_scope.go",
			"source": "github.com/omissis/go-jsonschema@442a4c100c62a7d8543d1a7ab7052397057add86",
			"permalink": "https://raw.githubusercontent.com/omissis/go-jsonschema/442a4c100c62a7d8543d1a7ab7052397057add86/pkg/generator/name_scope.go",
			"last_updated": "2025-02-02T19:37:13.522319Z",
			"remote_hash": "nEU-UQRJie7H2NkU2WEZ-2wvRdqtx7wLEloz7xxLrso="
		},
		"output.go": {
			"file": "output.go",
			"source": "github.com/omissis/go-jsonschema@442a4c100c62a7d8543d1a7ab7052397057add86",
			"permalink": "https://raw.githubusercontent.com/omissis/go-jsonschema/442a4c100c62a7d8543d1a7ab7052397057add86/pkg/generator/output.go",
			"last_updated": "2025-02-02T19:37:13.625709Z",
			"remote_hash": "DQhHtJZI6UBUMmphykPM684DQImETIS4CwdERnE1HPo="
		},
		"schema_generator.go": {
			"file": "schema_generator.go",
			"source": "github.com/omissis/go-jsonschema@442a4c100c62a7d8543d1a7ab7052397057add86",
			"permalink": "https://raw.githubusercontent.com/omissis/go-jsonschema/442a4c100c62a7d8543d1a7ab7052397057add86/pkg/generator/schema_generator.go",
			"last_updated": "2025-02-02T19:37:13.737446Z",
			"remote_hash": "_Sx8YJn-j2eoc01-EiHEs1Ks-4hNo1xy9epRI3vOPes="
		},
		"utils.go": {
			"file": "utils.go",
			"source": "github.com/omissis/go-jsonschema@442a4c100c62a7d8543d1a7ab7052397057add86",
			"permalink": "https://raw.githubusercontent.com/omissis/go-jsonschema/442a4c100c62a7d8543d1a7ab7052397057add86/pkg/generator/utils.go",
			"last_updated": "2025-02-02T19:37:13.844244Z",
			"remote_hash": "GVfS77e1TfC11CiwYhjSEhNflY-Npt7paheKt4vZlGc="
		},
		"validator.go": {
			"file": "validator.go",
			"source": "github.com/omissis/go-jsonschema@442a4c100c62a7d8543d1a7ab7052397057add86",
			"permalink": "https://raw.githubusercontent.com/omissis/go-jsonschema/442a4c100c62a7d8543d1a7ab7052397057add86/pkg/generator/validator.go",
			"last_updated": "2025-02-02T19:37:14.02181Z",
			"remote_hash": "s5i_1tWlNRLv-sngB4BhGqmquYSqWYolz4pR35N885k="
		},
		"yaml_formatter.go": {
			"file": "yaml_formatter.go",
			"source": "github.com/omissis/go-jsonschema@442a4c100c62a7d8543d1a7ab7052397057add86",
			"permalink": "https://raw.githubusercontent.com/omissis/go-jsonschema/442a4c100c62a7d8543d1a7ab7052397057add86/pkg/generator/yaml_formatter.go",
			"last_updated": "2025-02-02T19:37:14.143398Z",
			"remote_hash": "LlWpwym0M4U05ozPxfO_r8XNmiPDJMbHGhSuF0gWzXc="
		}
	},
	"generated_files": {},
	"args": {
		"src_repo": "github.com/omissis/go-jsonschema",
		"src_ref": "main",
		"src_path": "pkg/generator",
		"copy_args": {
			"replacements": [
				{
					"old": "\"github.com/atombender/go-jsonschema/internal/x/text\"",
					"new": "\"github.com/walteh/schema2go/pkg/reformat/internal/x/text\""
				}
			],
			"file_patterns": [
				"**/*.go"
			]
		}
	}
}